
Microsoft Visual Studio Solution File, Format Version 10.00
# Visual Studio 2008
Project("{8BC9CEB8-8B4A-11D0-8D11-00A0C91BC942}") = "M_CU", "MCUDemo\MCUDemo.vcproj", "{F76A60D7-E3B1-483A-8822-E1E6B7AB5213}"
	ProjectSection(ProjectDependencies) = postProject
		{3A722648-C68D-4D06-B9BB-D7E30BCF9950} = {3A722648-C68D-4D06-B9BB-D7E30BCF9950}
		{C598024D-8030-4F9C-AB76-69BF4CA0645F} = {C598024D-8030-4F9C-AB76-69BF4CA0645F}
		{1EBB6588-AAC5-48DF-B165-5E31CCC9B300} = {1EBB6588-AAC5-48DF-B165-5E31CCC9B300}
		{04CF0CF1-7276-4CD2-A109-8CD382E4BF7F} = {04CF0CF1-7276-4CD2-A109-8CD382E4BF7F}
	EndProjectSection
EndProject
Project("{8BC9CEB8-8B4A-11D0-8D11-00A0C91BC942}") = "LiveMedia", "live\liveMedia\LiveMedia.vcproj", "{1EBB6588-AAC5-48DF-B165-5E31CCC9B300}"
	ProjectSection(ProjectDependencies) = postProject
		{544BBB34-3E35-4889-A100-AA77DEA794B9} = {544BBB34-3E35-4889-A100-AA77DEA794B9}
		{CC96D2CA-88AA-4549-A54A-DA191D69A503} = {CC96D2CA-88AA-4549-A54A-DA191D69A503}
		{90AA0DF7-96AD-427F-A309-37D79A409F14} = {90AA0DF7-96AD-427F-A309-37D79A409F14}
	EndProjectSection
EndProject
Project("{8BC9CEB8-8B4A-11D0-8D11-00A0C91BC942}") = "groupsock", "live\groupsock\groupsock.vcproj", "{CC96D2CA-88AA-4549-A54A-DA191D69A503}"
EndProject
Project("{8BC9CEB8-8B4A-11D0-8D11-00A0C91BC942}") = "UsageEnvironment", "live\UsageEnvironment\UsageEnv.vcproj", "{544BBB34-3E35-4889-A100-AA77DEA794B9}"
EndProject
Project("{8BC9CEB8-8B4A-11D0-8D11-00A0C91BC942}") = "BasicUsageEnvironment", "live\BasicUsageEnvironment\BasicUsageEnvironment.vcproj", "{90AA0DF7-96AD-427F-A309-37D79A409F14}"
EndProject
Project("{B900F1C2-3D47-4FEC-85B3-04AAF18C3634}") = "KedaMCUSetup", "m_cuSetup\m_cuSetup.vddproj", "{38BB1EC1-A5AE-4A73-BA00-056C650DCD3C}"
EndProject
Project("{8BC9CEB8-8B4A-11D0-8D11-00A0C91BC942}") = "ffmpeg", "ffmpeg\ffmpeg.vcproj", "{3A722648-C68D-4D06-B9BB-D7E30BCF9950}"
EndProject
Project("{8BC9CEB8-8B4A-11D0-8D11-00A0C91BC942}") = "cppunit", "cppunit-1.12.1\src\cppunit\cppunit.vcproj", "{7CF41021-2B01-4334-AD5A-5DBAE6220649}"
EndProject
Project("{2150E333-8FDC-42A3-9474-1A3956D46DE8}") = "nouse", "nouse", "{23BFCC41-3406-4A31-A375-80A52A64A018}"
EndProject
Project("{B900F1C2-3D47-4FEC-85B3-04AAF18C3634}") = "UnicomMCUSetup", "m_cuSetup\unicomm_cusetup.vddproj", "{FA0FB1C3-441B-4E6E-9481-5B5CBFB4FD69}"
EndProject
Project("{B900F1C2-3D47-4FEC-85B3-04AAF18C3634}") = "TelMCUSetup", "m_cuSetup\telm_cusetup.vddproj", "{3D1DFF9F-E5F0-4BB7-AE46-72CCC4124A31}"
EndProject
Project("{2150E333-8FDC-42A3-9474-1A3956D46DE8}") = "Live555 lib", "Live555 lib", "{82FE636A-FBE6-4AEF-81A5-9A4F421F0F9C}"
EndProject
Project("{8BC9CEB8-8B4A-11D0-8D11-00A0C91BC942}") = "mculib", "mculib\prj_wince\mculib.vcproj", "{04CF0CF1-7276-4CD2-A109-8CD382E4BF7F}"
EndProject
Project("{8BC9CEB8-8B4A-11D0-8D11-00A0C91BC942}") = "SDL", "sdl\VisualCE\SDL\SDL.vcproj", "{C598024D-8030-4F9C-AB76-69BF4CA0645F}"
EndProject
Project("{B900F1C2-3D47-4FEC-85B3-04AAF18C3634}") = "MobileMCUSetup", "m_cuSetup\mobile_cusetup.vddproj", "{48C7544B-673F-4B78-82A4-7FAD2EAE5324}"
EndProject
Global
	GlobalSection(SubversionScc) = preSolution
		Svn-Managed = True
		Manager = AnkhSVN - Subversion Support for Visual Studio
	EndGlobalSection
	GlobalSection(SolutionConfigurationPlatforms) = preSolution
		Debug|Windows Mobile 5.0 Pocket PC SDK (ARMV4I) = Debug|Windows Mobile 5.0 Pocket PC SDK (ARMV4I)
		Debug|Windows Mobile 6 Professional SDK (ARMV4I) = Debug|Windows Mobile 6 Professional SDK (ARMV4I)
		Release|Windows Mobile 5.0 Pocket PC SDK (ARMV4I) = Release|Windows Mobile 5.0 Pocket PC SDK (ARMV4I)
		Release|Windows Mobile 6 Professional SDK (ARMV4I) = Release|Windows Mobile 6 Professional SDK (ARMV4I)
		release-mobile|Windows Mobile 5.0 Pocket PC SDK (ARMV4I) = release-mobile|Windows Mobile 5.0 Pocket PC SDK (ARMV4I)
		release-mobile|Windows Mobile 6 Professional SDK (ARMV4I) = release-mobile|Windows Mobile 6 Professional SDK (ARMV4I)
		release-tel|Windows Mobile 5.0 Pocket PC SDK (ARMV4I) = release-tel|Windows Mobile 5.0 Pocket PC SDK (ARMV4I)
		release-tel|Windows Mobile 6 Professional SDK (ARMV4I) = release-tel|Windows Mobile 6 Professional SDK (ARMV4I)
		rlease-unicom|Windows Mobile 5.0 Pocket PC SDK (ARMV4I) = rlease-unicom|Windows Mobile 5.0 Pocket PC SDK (ARMV4I)
		rlease-unicom|Windows Mobile 6 Professional SDK (ARMV4I) = rlease-unicom|Windows Mobile 6 Professional SDK (ARMV4I)
		UnitTestRelease|Windows Mobile 5.0 Pocket PC SDK (ARMV4I) = UnitTestRelease|Windows Mobile 5.0 Pocket PC SDK (ARMV4I)
		UnitTestRelease|Windows Mobile 6 Professional SDK (ARMV4I) = UnitTestRelease|Windows Mobile 6 Professional SDK (ARMV4I)
	EndGlobalSection
	GlobalSection(ProjectConfigurationPlatforms) = postSolution
		{F76A60D7-E3B1-483A-8822-E1E6B7AB5213}.Debug|Windows Mobile 5.0 Pocket PC SDK (ARMV4I).ActiveCfg = Debug|Windows Mobile 5.0 Pocket PC SDK (ARMV4I)
		{F76A60D7-E3B1-483A-8822-E1E6B7AB5213}.Debug|Windows Mobile 5.0 Pocket PC SDK (ARMV4I).Build.0 = Debug|Windows Mobile 5.0 Pocket PC SDK (ARMV4I)
		{F76A60D7-E3B1-483A-8822-E1E6B7AB5213}.Debug|Windows Mobile 5.0 Pocket PC SDK (ARMV4I).Deploy.0 = Debug|Windows Mobile 5.0 Pocket PC SDK (ARMV4I)
		{F76A60D7-E3B1-483A-8822-E1E6B7AB5213}.Debug|Windows Mobile 6 Professional SDK (ARMV4I).ActiveCfg = Debug|Windows Mobile 6 Professional SDK (ARMV4I)
		{F76A60D7-E3B1-483A-8822-E1E6B7AB5213}.Debug|Windows Mobile 6 Professional SDK (ARMV4I).Build.0 = Debug|Windows Mobile 6 Professional SDK (ARMV4I)
		{F76A60D7-E3B1-483A-8822-E1E6B7AB5213}.Debug|Windows Mobile 6 Professional SDK (ARMV4I).Deploy.0 = Debug|Windows Mobile 6 Professional SDK (ARMV4I)
		{F76A60D7-E3B1-483A-8822-E1E6B7AB5213}.Release|Windows Mobile 5.0 Pocket PC SDK (ARMV4I).ActiveCfg = Release|Windows Mobile 5.0 Pocket PC SDK (ARMV4I)
		{F76A60D7-E3B1-483A-8822-E1E6B7AB5213}.Release|Windows Mobile 5.0 Pocket PC SDK (ARMV4I).Build.0 = Release|Windows Mobile 5.0 Pocket PC SDK (ARMV4I)
		{F76A60D7-E3B1-483A-8822-E1E6B7AB5213}.Release|Windows Mobile 5.0 Pocket PC SDK (ARMV4I).Deploy.0 = Release|Windows Mobile 5.0 Pocket PC SDK (ARMV4I)
		{F76A60D7-E3B1-483A-8822-E1E6B7AB5213}.Release|Windows Mobile 6 Professional SDK (ARMV4I).ActiveCfg = Release|Windows Mobile 6 Professional SDK (ARMV4I)
		{F76A60D7-E3B1-483A-8822-E1E6B7AB5213}.Release|Windows Mobile 6 Professional SDK (ARMV4I).Build.0 = Release|Windows Mobile 6 Professional SDK (ARMV4I)
		{F76A60D7-E3B1-483A-8822-E1E6B7AB5213}.Release|Windows Mobile 6 Professional SDK (ARMV4I).Deploy.0 = Release|Windows Mobile 6 Professional SDK (ARMV4I)
		{F76A60D7-E3B1-483A-8822-E1E6B7AB5213}.release-mobile|Windows Mobile 5.0 Pocket PC SDK (ARMV4I).ActiveCfg = Release-Mobile|Windows Mobile 5.0 Pocket PC SDK (ARMV4I)
		{F76A60D7-E3B1-483A-8822-E1E6B7AB5213}.release-mobile|Windows Mobile 5.0 Pocket PC SDK (ARMV4I).Build.0 = Release-Mobile|Windows Mobile 5.0 Pocket PC SDK (ARMV4I)
		{F76A60D7-E3B1-483A-8822-E1E6B7AB5213}.release-mobile|Windows Mobile 5.0 Pocket PC SDK (ARMV4I).Deploy.0 = Release-Mobile|Windows Mobile 5.0 Pocket PC SDK (ARMV4I)
		{F76A60D7-E3B1-483A-8822-E1E6B7AB5213}.release-mobile|Windows Mobile 6 Professional SDK (ARMV4I).ActiveCfg = Release-Tel|Windows Mobile 6 Professional SDK (ARMV4I)
		{F76A60D7-E3B1-483A-8822-E1E6B7AB5213}.release-mobile|Windows Mobile 6 Professional SDK (ARMV4I).Build.0 = Release-Tel|Windows Mobile 6 Professional SDK (ARMV4I)
		{F76A60D7-E3B1-483A-8822-E1E6B7AB5213}.release-mobile|Windows Mobile 6 Professional SDK (ARMV4I).Deploy.0 = Release-Tel|Windows Mobile 6 Professional SDK (ARMV4I)
		{F76A60D7-E3B1-483A-8822-E1E6B7AB5213}.release-tel|Windows Mobile 5.0 Pocket PC SDK (ARMV4I).ActiveCfg = Release-Tel|Windows Mobile 5.0 Pocket PC SDK (ARMV4I)
		{F76A60D7-E3B1-483A-8822-E1E6B7AB5213}.release-tel|Windows Mobile 5.0 Pocket PC SDK (ARMV4I).Build.0 = Release-Tel|Windows Mobile 5.0 Pocket PC SDK (ARMV4I)
		{F76A60D7-E3B1-483A-8822-E1E6B7AB5213}.release-tel|Windows Mobile 5.0 Pocket PC SDK (ARMV4I).Deploy.0 = Release-Tel|Windows Mobile 5.0 Pocket PC SDK (ARMV4I)
		{F76A60D7-E3B1-483A-8822-E1E6B7AB5213}.release-tel|Windows Mobile 6 Professional SDK (ARMV4I).ActiveCfg = Release-Tel|Windows Mobile 6 Professional SDK (ARMV4I)
		{F76A60D7-E3B1-483A-8822-E1E6B7AB5213}.release-tel|Windows Mobile 6 Professional SDK (ARMV4I).Build.0 = Release-Tel|Windows Mobile 6 Professional SDK (ARMV4I)
		{F76A60D7-E3B1-483A-8822-E1E6B7AB5213}.release-tel|Windows Mobile 6 Professional SDK (ARMV4I).Deploy.0 = Release-Tel|Windows Mobile 6 Professional SDK (ARMV4I)
		{F76A60D7-E3B1-483A-8822-E1E6B7AB5213}.rlease-unicom|Windows Mobile 5.0 Pocket PC SDK (ARMV4I).ActiveCfg = Release-Unicom|Windows Mobile 5.0 Pocket PC SDK (ARMV4I)
		{F76A60D7-E3B1-483A-8822-E1E6B7AB5213}.rlease-unicom|Windows Mobile 5.0 Pocket PC SDK (ARMV4I).Build.0 = Release-Unicom|Windows Mobile 5.0 Pocket PC SDK (ARMV4I)
		{F76A60D7-E3B1-483A-8822-E1E6B7AB5213}.rlease-unicom|Windows Mobile 5.0 Pocket PC SDK (ARMV4I).Deploy.0 = Release-Unicom|Windows Mobile 5.0 Pocket PC SDK (ARMV4I)
		{F76A60D7-E3B1-483A-8822-E1E6B7AB5213}.rlease-unicom|Windows Mobile 6 Professional SDK (ARMV4I).ActiveCfg = Release-Tel|Windows Mobile 6 Professional SDK (ARMV4I)
		{F76A60D7-E3B1-483A-8822-E1E6B7AB5213}.rlease-unicom|Windows Mobile 6 Professional SDK (ARMV4I).Build.0 = Release-Tel|Windows Mobile 6 Professional SDK (ARMV4I)
		{F76A60D7-E3B1-483A-8822-E1E6B7AB5213}.rlease-unicom|Windows Mobile 6 Professional SDK (ARMV4I).Deploy.0 = Release-Tel|Windows Mobile 6 Professional SDK (ARMV4I)
		{F76A60D7-E3B1-483A-8822-E1E6B7AB5213}.UnitTestRelease|Windows Mobile 5.0 Pocket PC SDK (ARMV4I).ActiveCfg = UnitTestRelease|Windows Mobile 5.0 Pocket PC SDK (ARMV4I)
		{F76A60D7-E3B1-483A-8822-E1E6B7AB5213}.UnitTestRelease|Windows Mobile 5.0 Pocket PC SDK (ARMV4I).Build.0 = UnitTestRelease|Windows Mobile 5.0 Pocket PC SDK (ARMV4I)
		{F76A60D7-E3B1-483A-8822-E1E6B7AB5213}.UnitTestRelease|Windows Mobile 5.0 Pocket PC SDK (ARMV4I).Deploy.0 = UnitTestRelease|Windows Mobile 5.0 Pocket PC SDK (ARMV4I)
		{F76A60D7-E3B1-483A-8822-E1E6B7AB5213}.UnitTestRelease|Windows Mobile 6 Professional SDK (ARMV4I).ActiveCfg = UnitTestRelease|Windows Mobile 6 Professional SDK (ARMV4I)
		{F76A60D7-E3B1-483A-8822-E1E6B7AB5213}.UnitTestRelease|Windows Mobile 6 Professional SDK (ARMV4I).Build.0 = UnitTestRelease|Windows Mobile 6 Professional SDK (ARMV4I)
		{F76A60D7-E3B1-483A-8822-E1E6B7AB5213}.UnitTestRelease|Windows Mobile 6 Professional SDK (ARMV4I).Deploy.0 = UnitTestRelease|Windows Mobile 6 Professional SDK (ARMV4I)
		{1EBB6588-AAC5-48DF-B165-5E31CCC9B300}.Debug|Windows Mobile 5.0 Pocket PC SDK (ARMV4I).ActiveCfg = Debug|Windows Mobile 5.0 Pocket PC SDK (ARMV4I)
		{1EBB6588-AAC5-48DF-B165-5E31CCC9B300}.Debug|Windows Mobile 5.0 Pocket PC SDK (ARMV4I).Build.0 = Debug|Windows Mobile 5.0 Pocket PC SDK (ARMV4I)
		{1EBB6588-AAC5-48DF-B165-5E31CCC9B300}.Debug|Windows Mobile 6 Professional SDK (ARMV4I).ActiveCfg = Debug|Windows Mobile 6 Professional SDK (ARMV4I)
		{1EBB6588-AAC5-48DF-B165-5E31CCC9B300}.Debug|Windows Mobile 6 Professional SDK (ARMV4I).Build.0 = Debug|Windows Mobile 6 Professional SDK (ARMV4I)
		{1EBB6588-AAC5-48DF-B165-5E31CCC9B300}.Release|Windows Mobile 5.0 Pocket PC SDK (ARMV4I).ActiveCfg = Release|Windows Mobile 5.0 Pocket PC SDK (ARMV4I)
		{1EBB6588-AAC5-48DF-B165-5E31CCC9B300}.Release|Windows Mobile 5.0 Pocket PC SDK (ARMV4I).Build.0 = Release|Windows Mobile 5.0 Pocket PC SDK (ARMV4I)
		{1EBB6588-AAC5-48DF-B165-5E31CCC9B300}.Release|Windows Mobile 6 Professional SDK (ARMV4I).ActiveCfg = Release|Windows Mobile 6 Professional SDK (ARMV4I)
		{1EBB6588-AAC5-48DF-B165-5E31CCC9B300}.Release|Windows Mobile 6 Professional SDK (ARMV4I).Build.0 = Release|Windows Mobile 6 Professional SDK (ARMV4I)
		{1EBB6588-AAC5-48DF-B165-5E31CCC9B300}.release-mobile|Windows Mobile 5.0 Pocket PC SDK (ARMV4I).ActiveCfg = Release|Windows Mobile 5.0 Pocket PC SDK (ARMV4I)
		{1EBB6588-AAC5-48DF-B165-5E31CCC9B300}.release-mobile|Windows Mobile 5.0 Pocket PC SDK (ARMV4I).Build.0 = Release|Windows Mobile 5.0 Pocket PC SDK (ARMV4I)
		{1EBB6588-AAC5-48DF-B165-5E31CCC9B300}.release-mobile|Windows Mobile 6 Professional SDK (ARMV4I).ActiveCfg = release-oldffmpeglib|Windows Mobile 6 Professional SDK (ARMV4I)
		{1EBB6588-AAC5-48DF-B165-5E31CCC9B300}.release-mobile|Windows Mobile 6 Professional SDK (ARMV4I).Build.0 = release-oldffmpeglib|Windows Mobile 6 Professional SDK (ARMV4I)
		{1EBB6588-AAC5-48DF-B165-5E31CCC9B300}.release-mobile|Windows Mobile 6 Professional SDK (ARMV4I).Deploy.0 = release-oldffmpeglib|Windows Mobile 6 Professional SDK (ARMV4I)
		{1EBB6588-AAC5-48DF-B165-5E31CCC9B300}.release-tel|Windows Mobile 5.0 Pocket PC SDK (ARMV4I).ActiveCfg = Release|Windows Mobile 5.0 Pocket PC SDK (ARMV4I)
		{1EBB6588-AAC5-48DF-B165-5E31CCC9B300}.release-tel|Windows Mobile 5.0 Pocket PC SDK (ARMV4I).Build.0 = Release|Windows Mobile 5.0 Pocket PC SDK (ARMV4I)
		{1EBB6588-AAC5-48DF-B165-5E31CCC9B300}.release-tel|Windows Mobile 6 Professional SDK (ARMV4I).ActiveCfg = release-oldffmpeglib|Windows Mobile 6 Professional SDK (ARMV4I)
		{1EBB6588-AAC5-48DF-B165-5E31CCC9B300}.release-tel|Windows Mobile 6 Professional SDK (ARMV4I).Build.0 = release-oldffmpeglib|Windows Mobile 6 Professional SDK (ARMV4I)
		{1EBB6588-AAC5-48DF-B165-5E31CCC9B300}.release-tel|Windows Mobile 6 Professional SDK (ARMV4I).Deploy.0 = release-oldffmpeglib|Windows Mobile 6 Professional SDK (ARMV4I)
		{1EBB6588-AAC5-48DF-B165-5E31CCC9B300}.rlease-unicom|Windows Mobile 5.0 Pocket PC SDK (ARMV4I).ActiveCfg = Release|Windows Mobile 5.0 Pocket PC SDK (ARMV4I)
		{1EBB6588-AAC5-48DF-B165-5E31CCC9B300}.rlease-unicom|Windows Mobile 5.0 Pocket PC SDK (ARMV4I).Build.0 = Release|Windows Mobile 5.0 Pocket PC SDK (ARMV4I)
		{1EBB6588-AAC5-48DF-B165-5E31CCC9B300}.rlease-unicom|Windows Mobile 6 Professional SDK (ARMV4I).ActiveCfg = release-oldffmpeglib|Windows Mobile 6 Professional SDK (ARMV4I)
		{1EBB6588-AAC5-48DF-B165-5E31CCC9B300}.rlease-unicom|Windows Mobile 6 Professional SDK (ARMV4I).Build.0 = release-oldffmpeglib|Windows Mobile 6 Professional SDK (ARMV4I)
		{1EBB6588-AAC5-48DF-B165-5E31CCC9B300}.rlease-unicom|Windows Mobile 6 Professional SDK (ARMV4I).Deploy.0 = release-oldffmpeglib|Windows Mobile 6 Professional SDK (ARMV4I)
		{1EBB6588-AAC5-48DF-B165-5E31CCC9B300}.UnitTestRelease|Windows Mobile 5.0 Pocket PC SDK (ARMV4I).ActiveCfg = UnitTestRelease|Windows Mobile 5.0 Pocket PC SDK (ARMV4I)
		{1EBB6588-AAC5-48DF-B165-5E31CCC9B300}.UnitTestRelease|Windows Mobile 5.0 Pocket PC SDK (ARMV4I).Build.0 = UnitTestRelease|Windows Mobile 5.0 Pocket PC SDK (ARMV4I)
		{1EBB6588-AAC5-48DF-B165-5E31CCC9B300}.UnitTestRelease|Windows Mobile 6 Professional SDK (ARMV4I).ActiveCfg = UnitTestRelease|Windows Mobile 6 Professional SDK (ARMV4I)
		{1EBB6588-AAC5-48DF-B165-5E31CCC9B300}.UnitTestRelease|Windows Mobile 6 Professional SDK (ARMV4I).Build.0 = UnitTestRelease|Windows Mobile 6 Professional SDK (ARMV4I)
		{CC96D2CA-88AA-4549-A54A-DA191D69A503}.Debug|Windows Mobile 5.0 Pocket PC SDK (ARMV4I).ActiveCfg = Debug|Windows Mobile 5.0 Pocket PC SDK (ARMV4I)
		{CC96D2CA-88AA-4549-A54A-DA191D69A503}.Debug|Windows Mobile 5.0 Pocket PC SDK (ARMV4I).Build.0 = Debug|Windows Mobile 5.0 Pocket PC SDK (ARMV4I)
		{CC96D2CA-88AA-4549-A54A-DA191D69A503}.Debug|Windows Mobile 6 Professional SDK (ARMV4I).ActiveCfg = Debug|Windows Mobile 6 Professional SDK (ARMV4I)
		{CC96D2CA-88AA-4549-A54A-DA191D69A503}.Debug|Windows Mobile 6 Professional SDK (ARMV4I).Build.0 = Debug|Windows Mobile 6 Professional SDK (ARMV4I)
		{CC96D2CA-88AA-4549-A54A-DA191D69A503}.Release|Windows Mobile 5.0 Pocket PC SDK (ARMV4I).ActiveCfg = Release|Windows Mobile 5.0 Pocket PC SDK (ARMV4I)
		{CC96D2CA-88AA-4549-A54A-DA191D69A503}.Release|Windows Mobile 5.0 Pocket PC SDK (ARMV4I).Build.0 = Release|Windows Mobile 5.0 Pocket PC SDK (ARMV4I)
		{CC96D2CA-88AA-4549-A54A-DA191D69A503}.Release|Windows Mobile 6 Professional SDK (ARMV4I).ActiveCfg = Release|Windows Mobile 6 Professional SDK (ARMV4I)
		{CC96D2CA-88AA-4549-A54A-DA191D69A503}.Release|Windows Mobile 6 Professional SDK (ARMV4I).Build.0 = Release|Windows Mobile 6 Professional SDK (ARMV4I)
		{CC96D2CA-88AA-4549-A54A-DA191D69A503}.release-mobile|Windows Mobile 5.0 Pocket PC SDK (ARMV4I).ActiveCfg = Release|Windows Mobile 5.0 Pocket PC SDK (ARMV4I)
		{CC96D2CA-88AA-4549-A54A-DA191D69A503}.release-mobile|Windows Mobile 5.0 Pocket PC SDK (ARMV4I).Build.0 = Release|Windows Mobile 5.0 Pocket PC SDK (ARMV4I)
		{CC96D2CA-88AA-4549-A54A-DA191D69A503}.release-mobile|Windows Mobile 6 Professional SDK (ARMV4I).ActiveCfg = release-oldffmpeglib|Windows Mobile 6 Professional SDK (ARMV4I)
		{CC96D2CA-88AA-4549-A54A-DA191D69A503}.release-mobile|Windows Mobile 6 Professional SDK (ARMV4I).Build.0 = release-oldffmpeglib|Windows Mobile 6 Professional SDK (ARMV4I)
		{CC96D2CA-88AA-4549-A54A-DA191D69A503}.release-mobile|Windows Mobile 6 Professional SDK (ARMV4I).Deploy.0 = release-oldffmpeglib|Windows Mobile 6 Professional SDK (ARMV4I)
		{CC96D2CA-88AA-4549-A54A-DA191D69A503}.release-tel|Windows Mobile 5.0 Pocket PC SDK (ARMV4I).ActiveCfg = Release|Windows Mobile 5.0 Pocket PC SDK (ARMV4I)
		{CC96D2CA-88AA-4549-A54A-DA191D69A503}.release-tel|Windows Mobile 5.0 Pocket PC SDK (ARMV4I).Build.0 = Release|Windows Mobile 5.0 Pocket PC SDK (ARMV4I)
		{CC96D2CA-88AA-4549-A54A-DA191D69A503}.release-tel|Windows Mobile 6 Professional SDK (ARMV4I).ActiveCfg = release-oldffmpeglib|Windows Mobile 6 Professional SDK (ARMV4I)
		{CC96D2CA-88AA-4549-A54A-DA191D69A503}.release-tel|Windows Mobile 6 Professional SDK (ARMV4I).Build.0 = release-oldffmpeglib|Windows Mobile 6 Professional SDK (ARMV4I)
		{CC96D2CA-88AA-4549-A54A-DA191D69A503}.release-tel|Windows Mobile 6 Professional SDK (ARMV4I).Deploy.0 = release-oldffmpeglib|Windows Mobile 6 Professional SDK (ARMV4I)
		{CC96D2CA-88AA-4549-A54A-DA191D69A503}.rlease-unicom|Windows Mobile 5.0 Pocket PC SDK (ARMV4I).ActiveCfg = Release|Windows Mobile 5.0 Pocket PC SDK (ARMV4I)
		{CC96D2CA-88AA-4549-A54A-DA191D69A503}.rlease-unicom|Windows Mobile 5.0 Pocket PC SDK (ARMV4I).Build.0 = Release|Windows Mobile 5.0 Pocket PC SDK (ARMV4I)
		{CC96D2CA-88AA-4549-A54A-DA191D69A503}.rlease-unicom|Windows Mobile 6 Professional SDK (ARMV4I).ActiveCfg = release-oldffmpeglib|Windows Mobile 6 Professional SDK (ARMV4I)
		{CC96D2CA-88AA-4549-A54A-DA191D69A503}.rlease-unicom|Windows Mobile 6 Professional SDK (ARMV4I).Build.0 = release-oldffmpeglib|Windows Mobile 6 Professional SDK (ARMV4I)
		{CC96D2CA-88AA-4549-A54A-DA191D69A503}.rlease-unicom|Windows Mobile 6 Professional SDK (ARMV4I).Deploy.0 = release-oldffmpeglib|Windows Mobile 6 Professional SDK (ARMV4I)
		{CC96D2CA-88AA-4549-A54A-DA191D69A503}.UnitTestRelease|Windows Mobile 5.0 Pocket PC SDK (ARMV4I).ActiveCfg = UnitTestRelease|Windows Mobile 5.0 Pocket PC SDK (ARMV4I)
		{CC96D2CA-88AA-4549-A54A-DA191D69A503}.UnitTestRelease|Windows Mobile 5.0 Pocket PC SDK (ARMV4I).Build.0 = UnitTestRelease|Windows Mobile 5.0 Pocket PC SDK (ARMV4I)
		{CC96D2CA-88AA-4549-A54A-DA191D69A503}.UnitTestRelease|Windows Mobile 6 Professional SDK (ARMV4I).ActiveCfg = UnitTestRelease|Windows Mobile 6 Professional SDK (ARMV4I)
		{CC96D2CA-88AA-4549-A54A-DA191D69A503}.UnitTestRelease|Windows Mobile 6 Professional SDK (ARMV4I).Build.0 = UnitTestRelease|Windows Mobile 6 Professional SDK (ARMV4I)
		{544BBB34-3E35-4889-A100-AA77DEA794B9}.Debug|Windows Mobile 5.0 Pocket PC SDK (ARMV4I).ActiveCfg = Debug|Windows Mobile 5.0 Pocket PC SDK (ARMV4I)
		{544BBB34-3E35-4889-A100-AA77DEA794B9}.Debug|Windows Mobile 5.0 Pocket PC SDK (ARMV4I).Build.0 = Debug|Windows Mobile 5.0 Pocket PC SDK (ARMV4I)
		{544BBB34-3E35-4889-A100-AA77DEA794B9}.Debug|Windows Mobile 6 Professional SDK (ARMV4I).ActiveCfg = Debug|Windows Mobile 6 Professional SDK (ARMV4I)
		{544BBB34-3E35-4889-A100-AA77DEA794B9}.Debug|Windows Mobile 6 Professional SDK (ARMV4I).Build.0 = Debug|Windows Mobile 6 Professional SDK (ARMV4I)
		{544BBB34-3E35-4889-A100-AA77DEA794B9}.Release|Windows Mobile 5.0 Pocket PC SDK (ARMV4I).ActiveCfg = Release|Windows Mobile 5.0 Pocket PC SDK (ARMV4I)
		{544BBB34-3E35-4889-A100-AA77DEA794B9}.Release|Windows Mobile 5.0 Pocket PC SDK (ARMV4I).Build.0 = Release|Windows Mobile 5.0 Pocket PC SDK (ARMV4I)
		{544BBB34-3E35-4889-A100-AA77DEA794B9}.Release|Windows Mobile 6 Professional SDK (ARMV4I).ActiveCfg = Release|Windows Mobile 6 Professional SDK (ARMV4I)
		{544BBB34-3E35-4889-A100-AA77DEA794B9}.Release|Windows Mobile 6 Professional SDK (ARMV4I).Build.0 = Release|Windows Mobile 6 Professional SDK (ARMV4I)
		{544BBB34-3E35-4889-A100-AA77DEA794B9}.release-mobile|Windows Mobile 5.0 Pocket PC SDK (ARMV4I).ActiveCfg = Release|Windows Mobile 5.0 Pocket PC SDK (ARMV4I)
		{544BBB34-3E35-4889-A100-AA77DEA794B9}.release-mobile|Windows Mobile 5.0 Pocket PC SDK (ARMV4I).Build.0 = Release|Windows Mobile 5.0 Pocket PC SDK (ARMV4I)
		{544BBB34-3E35-4889-A100-AA77DEA794B9}.release-mobile|Windows Mobile 6 Professional SDK (ARMV4I).ActiveCfg = release-oldffmpeglib|Windows Mobile 5.0 Pocket PC SDK (ARMV4I)
		{544BBB34-3E35-4889-A100-AA77DEA794B9}.release-tel|Windows Mobile 5.0 Pocket PC SDK (ARMV4I).ActiveCfg = Release|Windows Mobile 5.0 Pocket PC SDK (ARMV4I)
		{544BBB34-3E35-4889-A100-AA77DEA794B9}.release-tel|Windows Mobile 5.0 Pocket PC SDK (ARMV4I).Build.0 = Release|Windows Mobile 5.0 Pocket PC SDK (ARMV4I)
		{544BBB34-3E35-4889-A100-AA77DEA794B9}.release-tel|Windows Mobile 6 Professional SDK (ARMV4I).ActiveCfg = release-oldffmpeglib|Windows Mobile 5.0 Pocket PC SDK (ARMV4I)
		{544BBB34-3E35-4889-A100-AA77DEA794B9}.rlease-unicom|Windows Mobile 5.0 Pocket PC SDK (ARMV4I).ActiveCfg = Release|Windows Mobile 5.0 Pocket PC SDK (ARMV4I)
		{544BBB34-3E35-4889-A100-AA77DEA794B9}.rlease-unicom|Windows Mobile 5.0 Pocket PC SDK (ARMV4I).Build.0 = Release|Windows Mobile 5.0 Pocket PC SDK (ARMV4I)
		{544BBB34-3E35-4889-A100-AA77DEA794B9}.rlease-unicom|Windows Mobile 6 Professional SDK (ARMV4I).ActiveCfg = release-oldffmpeglib|Windows Mobile 5.0 Pocket PC SDK (ARMV4I)
		{544BBB34-3E35-4889-A100-AA77DEA794B9}.UnitTestRelease|Windows Mobile 5.0 Pocket PC SDK (ARMV4I).ActiveCfg = UnitTestRelease|Windows Mobile 5.0 Pocket PC SDK (ARMV4I)
		{544BBB34-3E35-4889-A100-AA77DEA794B9}.UnitTestRelease|Windows Mobile 5.0 Pocket PC SDK (ARMV4I).Build.0 = UnitTestRelease|Windows Mobile 5.0 Pocket PC SDK (ARMV4I)
		{544BBB34-3E35-4889-A100-AA77DEA794B9}.UnitTestRelease|Windows Mobile 6 Professional SDK (ARMV4I).ActiveCfg = UnitTestRelease|Windows Mobile 6 Professional SDK (ARMV4I)
		{544BBB34-3E35-4889-A100-AA77DEA794B9}.UnitTestRelease|Windows Mobile 6 Professional SDK (ARMV4I).Build.0 = UnitTestRelease|Windows Mobile 6 Professional SDK (ARMV4I)
		{90AA0DF7-96AD-427F-A309-37D79A409F14}.Debug|Windows Mobile 5.0 Pocket PC SDK (ARMV4I).ActiveCfg = Debug|Windows Mobile 5.0 Pocket PC SDK (ARMV4I)
		{90AA0DF7-96AD-427F-A309-37D79A409F14}.Debug|Windows Mobile 5.0 Pocket PC SDK (ARMV4I).Build.0 = Debug|Windows Mobile 5.0 Pocket PC SDK (ARMV4I)
		{90AA0DF7-96AD-427F-A309-37D79A409F14}.Debug|Windows Mobile 6 Professional SDK (ARMV4I).ActiveCfg = Debug|Windows Mobile 6 Professional SDK (ARMV4I)
		{90AA0DF7-96AD-427F-A309-37D79A409F14}.Debug|Windows Mobile 6 Professional SDK (ARMV4I).Build.0 = Debug|Windows Mobile 6 Professional SDK (ARMV4I)
		{90AA0DF7-96AD-427F-A309-37D79A409F14}.Release|Windows Mobile 5.0 Pocket PC SDK (ARMV4I).ActiveCfg = Release|Windows Mobile 5.0 Pocket PC SDK (ARMV4I)
		{90AA0DF7-96AD-427F-A309-37D79A409F14}.Release|Windows Mobile 5.0 Pocket PC SDK (ARMV4I).Build.0 = Release|Windows Mobile 5.0 Pocket PC SDK (ARMV4I)
		{90AA0DF7-96AD-427F-A309-37D79A409F14}.Release|Windows Mobile 6 Professional SDK (ARMV4I).ActiveCfg = Release|Windows Mobile 6 Professional SDK (ARMV4I)
		{90AA0DF7-96AD-427F-A309-37D79A409F14}.Release|Windows Mobile 6 Professional SDK (ARMV4I).Build.0 = Release|Windows Mobile 6 Professional SDK (ARMV4I)
		{90AA0DF7-96AD-427F-A309-37D79A409F14}.release-mobile|Windows Mobile 5.0 Pocket PC SDK (ARMV4I).ActiveCfg = Release|Windows Mobile 5.0 Pocket PC SDK (ARMV4I)
		{90AA0DF7-96AD-427F-A309-37D79A409F14}.release-mobile|Windows Mobile 5.0 Pocket PC SDK (ARMV4I).Build.0 = Release|Windows Mobile 5.0 Pocket PC SDK (ARMV4I)
		{90AA0DF7-96AD-427F-A309-37D79A409F14}.release-mobile|Windows Mobile 6 Professional SDK (ARMV4I).ActiveCfg = release-oldffmpeglib|Windows Mobile 5.0 Pocket PC SDK (ARMV4I)
		{90AA0DF7-96AD-427F-A309-37D79A409F14}.release-tel|Windows Mobile 5.0 Pocket PC SDK (ARMV4I).ActiveCfg = Release|Windows Mobile 5.0 Pocket PC SDK (ARMV4I)
		{90AA0DF7-96AD-427F-A309-37D79A409F14}.release-tel|Windows Mobile 5.0 Pocket PC SDK (ARMV4I).Build.0 = Release|Windows Mobile 5.0 Pocket PC SDK (ARMV4I)
		{90AA0DF7-96AD-427F-A309-37D79A409F14}.release-tel|Windows Mobile 6 Professional SDK (ARMV4I).ActiveCfg = release-oldffmpeglib|Windows Mobile 5.0 Pocket PC SDK (ARMV4I)
		{90AA0DF7-96AD-427F-A309-37D79A409F14}.rlease-unicom|Windows Mobile 5.0 Pocket PC SDK (ARMV4I).ActiveCfg = Release|Windows Mobile 5.0 Pocket PC SDK (ARMV4I)
		{90AA0DF7-96AD-427F-A309-37D79A409F14}.rlease-unicom|Windows Mobile 5.0 Pocket PC SDK (ARMV4I).Build.0 = Release|Windows Mobile 5.0 Pocket PC SDK (ARMV4I)
		{90AA0DF7-96AD-427F-A309-37D79A409F14}.rlease-unicom|Windows Mobile 6 Professional SDK (ARMV4I).ActiveCfg = release-oldffmpeglib|Windows Mobile 5.0 Pocket PC SDK (ARMV4I)
		{90AA0DF7-96AD-427F-A309-37D79A409F14}.UnitTestRelease|Windows Mobile 5.0 Pocket PC SDK (ARMV4I).ActiveCfg = UnitTestRelease|Windows Mobile 5.0 Pocket PC SDK (ARMV4I)
		{90AA0DF7-96AD-427F-A309-37D79A409F14}.UnitTestRelease|Windows Mobile 5.0 Pocket PC SDK (ARMV4I).Build.0 = UnitTestRelease|Windows Mobile 5.0 Pocket PC SDK (ARMV4I)
		{90AA0DF7-96AD-427F-A309-37D79A409F14}.UnitTestRelease|Windows Mobile 6 Professional SDK (ARMV4I).ActiveCfg = UnitTestRelease|Windows Mobile 6 Professional SDK (ARMV4I)
		{90AA0DF7-96AD-427F-A309-37D79A409F14}.UnitTestRelease|Windows Mobile 6 Professional SDK (ARMV4I).Build.0 = UnitTestRelease|Windows Mobile 6 Professional SDK (ARMV4I)
		{38BB1EC1-A5AE-4A73-BA00-056C650DCD3C}.Debug|Windows Mobile 5.0 Pocket PC SDK (ARMV4I).ActiveCfg = Debug
		{38BB1EC1-A5AE-4A73-BA00-056C650DCD3C}.Debug|Windows Mobile 6 Professional SDK (ARMV4I).ActiveCfg = Debug
		{38BB1EC1-A5AE-4A73-BA00-056C650DCD3C}.Release|Windows Mobile 5.0 Pocket PC SDK (ARMV4I).ActiveCfg = Release
		{38BB1EC1-A5AE-4A73-BA00-056C650DCD3C}.Release|Windows Mobile 5.0 Pocket PC SDK (ARMV4I).Build.0 = Release
		{38BB1EC1-A5AE-4A73-BA00-056C650DCD3C}.Release|Windows Mobile 5.0 Pocket PC SDK (ARMV4I).Deploy.0 = Release
		{38BB1EC1-A5AE-4A73-BA00-056C650DCD3C}.Release|Windows Mobile 6 Professional SDK (ARMV4I).ActiveCfg = Release
		{38BB1EC1-A5AE-4A73-BA00-056C650DCD3C}.Release|Windows Mobile 6 Professional SDK (ARMV4I).Build.0 = Release
		{38BB1EC1-A5AE-4A73-BA00-056C650DCD3C}.release-mobile|Windows Mobile 5.0 Pocket PC SDK (ARMV4I).ActiveCfg = Release
		{38BB1EC1-A5AE-4A73-BA00-056C650DCD3C}.release-mobile|Windows Mobile 6 Professional SDK (ARMV4I).ActiveCfg = release-oldffmpeglib
		{38BB1EC1-A5AE-4A73-BA00-056C650DCD3C}.release-mobile|Windows Mobile 6 Professional SDK (ARMV4I).Build.0 = release-oldffmpeglib
		{38BB1EC1-A5AE-4A73-BA00-056C650DCD3C}.release-tel|Windows Mobile 5.0 Pocket PC SDK (ARMV4I).ActiveCfg = Release
		{38BB1EC1-A5AE-4A73-BA00-056C650DCD3C}.release-tel|Windows Mobile 6 Professional SDK (ARMV4I).ActiveCfg = release-oldffmpeglib
		{38BB1EC1-A5AE-4A73-BA00-056C650DCD3C}.release-tel|Windows Mobile 6 Professional SDK (ARMV4I).Build.0 = release-oldffmpeglib
		{38BB1EC1-A5AE-4A73-BA00-056C650DCD3C}.rlease-unicom|Windows Mobile 5.0 Pocket PC SDK (ARMV4I).ActiveCfg = Release
		{38BB1EC1-A5AE-4A73-BA00-056C650DCD3C}.rlease-unicom|Windows Mobile 6 Professional SDK (ARMV4I).ActiveCfg = release-oldffmpeglib
		{38BB1EC1-A5AE-4A73-BA00-056C650DCD3C}.rlease-unicom|Windows Mobile 6 Professional SDK (ARMV4I).Build.0 = release-oldffmpeglib
		{38BB1EC1-A5AE-4A73-BA00-056C650DCD3C}.UnitTestRelease|Windows Mobile 5.0 Pocket PC SDK (ARMV4I).ActiveCfg = UnitTestRelease
		{38BB1EC1-A5AE-4A73-BA00-056C650DCD3C}.UnitTestRelease|Windows Mobile 6 Professional SDK (ARMV4I).ActiveCfg = UnitTestRelease
		{3A722648-C68D-4D06-B9BB-D7E30BCF9950}.Debug|Windows Mobile 5.0 Pocket PC SDK (ARMV4I).ActiveCfg = Debug|Windows Mobile 5.0 Pocket PC SDK (ARMV4I)
		{3A722648-C68D-4D06-B9BB-D7E30BCF9950}.Debug|Windows Mobile 5.0 Pocket PC SDK (ARMV4I).Build.0 = Debug|Windows Mobile 5.0 Pocket PC SDK (ARMV4I)
		{3A722648-C68D-4D06-B9BB-D7E30BCF9950}.Debug|Windows Mobile 6 Professional SDK (ARMV4I).ActiveCfg = Debug|Windows Mobile 6 Professional SDK (ARMV4I)
		{3A722648-C68D-4D06-B9BB-D7E30BCF9950}.Debug|Windows Mobile 6 Professional SDK (ARMV4I).Build.0 = Debug|Windows Mobile 6 Professional SDK (ARMV4I)
		{3A722648-C68D-4D06-B9BB-D7E30BCF9950}.Release|Windows Mobile 5.0 Pocket PC SDK (ARMV4I).ActiveCfg = Release|Windows Mobile 5.0 Pocket PC SDK (ARMV4I)
		{3A722648-C68D-4D06-B9BB-D7E30BCF9950}.Release|Windows Mobile 5.0 Pocket PC SDK (ARMV4I).Build.0 = Release|Windows Mobile 5.0 Pocket PC SDK (ARMV4I)
		{3A722648-C68D-4D06-B9BB-D7E30BCF9950}.Release|Windows Mobile 6 Professional SDK (ARMV4I).ActiveCfg = Release|Windows Mobile 6 Professional SDK (ARMV4I)
		{3A722648-C68D-4D06-B9BB-D7E30BCF9950}.Release|Windows Mobile 6 Professional SDK (ARMV4I).Build.0 = Release|Windows Mobile 6 Professional SDK (ARMV4I)
		{3A722648-C68D-4D06-B9BB-D7E30BCF9950}.release-mobile|Windows Mobile 5.0 Pocket PC SDK (ARMV4I).ActiveCfg = Release|Windows Mobile 5.0 Pocket PC SDK (ARMV4I)
		{3A722648-C68D-4D06-B9BB-D7E30BCF9950}.release-mobile|Windows Mobile 5.0 Pocket PC SDK (ARMV4I).Build.0 = Release|Windows Mobile 5.0 Pocket PC SDK (ARMV4I)
		{3A722648-C68D-4D06-B9BB-D7E30BCF9950}.release-mobile|Windows Mobile 6 Professional SDK (ARMV4I).ActiveCfg = Release|Windows Mobile 5.0 Pocket PC SDK (ARMV4I)
		{3A722648-C68D-4D06-B9BB-D7E30BCF9950}.release-tel|Windows Mobile 5.0 Pocket PC SDK (ARMV4I).ActiveCfg = Release|Windows Mobile 5.0 Pocket PC SDK (ARMV4I)
		{3A722648-C68D-4D06-B9BB-D7E30BCF9950}.release-tel|Windows Mobile 5.0 Pocket PC SDK (ARMV4I).Build.0 = Release|Windows Mobile 5.0 Pocket PC SDK (ARMV4I)
		{3A722648-C68D-4D06-B9BB-D7E30BCF9950}.release-tel|Windows Mobile 6 Professional SDK (ARMV4I).ActiveCfg = Release|Windows Mobile 5.0 Pocket PC SDK (ARMV4I)
		{3A722648-C68D-4D06-B9BB-D7E30BCF9950}.rlease-unicom|Windows Mobile 5.0 Pocket PC SDK (ARMV4I).ActiveCfg = Release|Windows Mobile 5.0 Pocket PC SDK (ARMV4I)
		{3A722648-C68D-4D06-B9BB-D7E30BCF9950}.rlease-unicom|Windows Mobile 5.0 Pocket PC SDK (ARMV4I).Build.0 = Release|Windows Mobile 5.0 Pocket PC SDK (ARMV4I)
		{3A722648-C68D-4D06-B9BB-D7E30BCF9950}.rlease-unicom|Windows Mobile 6 Professional SDK (ARMV4I).ActiveCfg = Release|Windows Mobile 5.0 Pocket PC SDK (ARMV4I)
		{3A722648-C68D-4D06-B9BB-D7E30BCF9950}.UnitTestRelease|Windows Mobile 5.0 Pocket PC SDK (ARMV4I).ActiveCfg = Release|Windows Mobile 5.0 Pocket PC SDK (ARMV4I)
		{3A722648-C68D-4D06-B9BB-D7E30BCF9950}.UnitTestRelease|Windows Mobile 5.0 Pocket PC SDK (ARMV4I).Build.0 = Release|Windows Mobile 5.0 Pocket PC SDK (ARMV4I)
		{3A722648-C68D-4D06-B9BB-D7E30BCF9950}.UnitTestRelease|Windows Mobile 6 Professional SDK (ARMV4I).ActiveCfg = Release|Windows Mobile 6 Professional SDK (ARMV4I)
		{3A722648-C68D-4D06-B9BB-D7E30BCF9950}.UnitTestRelease|Windows Mobile 6 Professional SDK (ARMV4I).Build.0 = Release|Windows Mobile 6 Professional SDK (ARMV4I)
		{3A722648-C68D-4D06-B9BB-D7E30BCF9950}.UnitTestRelease|Windows Mobile 6 Professional SDK (ARMV4I).Deploy.0 = Release|Windows Mobile 6 Professional SDK (ARMV4I)
		{7CF41021-2B01-4334-AD5A-5DBAE6220649}.Debug|Windows Mobile 5.0 Pocket PC SDK (ARMV4I).ActiveCfg = Debug|Windows Mobile 5.0 Pocket PC SDK (ARMV4I)
		{7CF41021-2B01-4334-AD5A-5DBAE6220649}.Debug|Windows Mobile 5.0 Pocket PC SDK (ARMV4I).Build.0 = Debug|Windows Mobile 5.0 Pocket PC SDK (ARMV4I)
		{7CF41021-2B01-4334-AD5A-5DBAE6220649}.Debug|Windows Mobile 6 Professional SDK (ARMV4I).ActiveCfg = Debug|Windows Mobile 6 Professional SDK (ARMV4I)
		{7CF41021-2B01-4334-AD5A-5DBAE6220649}.Debug|Windows Mobile 6 Professional SDK (ARMV4I).Build.0 = Debug|Windows Mobile 6 Professional SDK (ARMV4I)
		{7CF41021-2B01-4334-AD5A-5DBAE6220649}.Release|Windows Mobile 5.0 Pocket PC SDK (ARMV4I).ActiveCfg = Release|Windows Mobile 5.0 Pocket PC SDK (ARMV4I)
		{7CF41021-2B01-4334-AD5A-5DBAE6220649}.Release|Windows Mobile 6 Professional SDK (ARMV4I).ActiveCfg = Release|Windows Mobile 6 Professional SDK (ARMV4I)
		{7CF41021-2B01-4334-AD5A-5DBAE6220649}.release-mobile|Windows Mobile 5.0 Pocket PC SDK (ARMV4I).ActiveCfg = Release|Windows Mobile 5.0 Pocket PC SDK (ARMV4I)
		{7CF41021-2B01-4334-AD5A-5DBAE6220649}.release-mobile|Windows Mobile 6 Professional SDK (ARMV4I).ActiveCfg = Release|Windows Mobile 6 Professional SDK (ARMV4I)
		{7CF41021-2B01-4334-AD5A-5DBAE6220649}.release-mobile|Windows Mobile 6 Professional SDK (ARMV4I).Build.0 = Release|Windows Mobile 6 Professional SDK (ARMV4I)
		{7CF41021-2B01-4334-AD5A-5DBAE6220649}.release-mobile|Windows Mobile 6 Professional SDK (ARMV4I).Deploy.0 = Release|Windows Mobile 6 Professional SDK (ARMV4I)
		{7CF41021-2B01-4334-AD5A-5DBAE6220649}.release-tel|Windows Mobile 5.0 Pocket PC SDK (ARMV4I).ActiveCfg = Release|Windows Mobile 5.0 Pocket PC SDK (ARMV4I)
		{7CF41021-2B01-4334-AD5A-5DBAE6220649}.release-tel|Windows Mobile 6 Professional SDK (ARMV4I).ActiveCfg = Release|Windows Mobile 6 Professional SDK (ARMV4I)
		{7CF41021-2B01-4334-AD5A-5DBAE6220649}.release-tel|Windows Mobile 6 Professional SDK (ARMV4I).Build.0 = Release|Windows Mobile 6 Professional SDK (ARMV4I)
		{7CF41021-2B01-4334-AD5A-5DBAE6220649}.release-tel|Windows Mobile 6 Professional SDK (ARMV4I).Deploy.0 = Release|Windows Mobile 6 Professional SDK (ARMV4I)
		{7CF41021-2B01-4334-AD5A-5DBAE6220649}.rlease-unicom|Windows Mobile 5.0 Pocket PC SDK (ARMV4I).ActiveCfg = Release|Windows Mobile 5.0 Pocket PC SDK (ARMV4I)
		{7CF41021-2B01-4334-AD5A-5DBAE6220649}.rlease-unicom|Windows Mobile 6 Professional SDK (ARMV4I).ActiveCfg = Release|Windows Mobile 6 Professional SDK (ARMV4I)
		{7CF41021-2B01-4334-AD5A-5DBAE6220649}.rlease-unicom|Windows Mobile 6 Professional SDK (ARMV4I).Build.0 = Release|Windows Mobile 6 Professional SDK (ARMV4I)
		{7CF41021-2B01-4334-AD5A-5DBAE6220649}.rlease-unicom|Windows Mobile 6 Professional SDK (ARMV4I).Deploy.0 = Release|Windows Mobile 6 Professional SDK (ARMV4I)
		{7CF41021-2B01-4334-AD5A-5DBAE6220649}.UnitTestRelease|Windows Mobile 5.0 Pocket PC SDK (ARMV4I).ActiveCfg = Release|Windows Mobile 5.0 Pocket PC SDK (ARMV4I)
		{7CF41021-2B01-4334-AD5A-5DBAE6220649}.UnitTestRelease|Windows Mobile 5.0 Pocket PC SDK (ARMV4I).Build.0 = Release|Windows Mobile 5.0 Pocket PC SDK (ARMV4I)
		{7CF41021-2B01-4334-AD5A-5DBAE6220649}.UnitTestRelease|Windows Mobile 6 Professional SDK (ARMV4I).ActiveCfg = Release|Windows Mobile 6 Professional SDK (ARMV4I)
		{7CF41021-2B01-4334-AD5A-5DBAE6220649}.UnitTestRelease|Windows Mobile 6 Professional SDK (ARMV4I).Build.0 = Release|Windows Mobile 6 Professional SDK (ARMV4I)
		{FA0FB1C3-441B-4E6E-9481-5B5CBFB4FD69}.Debug|Windows Mobile 5.0 Pocket PC SDK (ARMV4I).ActiveCfg = debug-oldffmpeglib
		{FA0FB1C3-441B-4E6E-9481-5B5CBFB4FD69}.Debug|Windows Mobile 6 Professional SDK (ARMV4I).ActiveCfg = debug-oldffmpeglib
		{FA0FB1C3-441B-4E6E-9481-5B5CBFB4FD69}.Release|Windows Mobile 5.0 Pocket PC SDK (ARMV4I).ActiveCfg = Release
		{FA0FB1C3-441B-4E6E-9481-5B5CBFB4FD69}.Release|Windows Mobile 6 Professional SDK (ARMV4I).ActiveCfg = release-oldffmpeglib
		{FA0FB1C3-441B-4E6E-9481-5B5CBFB4FD69}.Release|Windows Mobile 6 Professional SDK (ARMV4I).Build.0 = release-oldffmpeglib
		{FA0FB1C3-441B-4E6E-9481-5B5CBFB4FD69}.release-mobile|Windows Mobile 5.0 Pocket PC SDK (ARMV4I).ActiveCfg = Release
		{FA0FB1C3-441B-4E6E-9481-5B5CBFB4FD69}.release-mobile|Windows Mobile 6 Professional SDK (ARMV4I).ActiveCfg = release-oldffmpeglib
		{FA0FB1C3-441B-4E6E-9481-5B5CBFB4FD69}.release-mobile|Windows Mobile 6 Professional SDK (ARMV4I).Build.0 = release-oldffmpeglib
		{FA0FB1C3-441B-4E6E-9481-5B5CBFB4FD69}.release-tel|Windows Mobile 5.0 Pocket PC SDK (ARMV4I).ActiveCfg = Release
		{FA0FB1C3-441B-4E6E-9481-5B5CBFB4FD69}.release-tel|Windows Mobile 6 Professional SDK (ARMV4I).ActiveCfg = release-oldffmpeglib
		{FA0FB1C3-441B-4E6E-9481-5B5CBFB4FD69}.release-tel|Windows Mobile 6 Professional SDK (ARMV4I).Build.0 = release-oldffmpeglib
		{FA0FB1C3-441B-4E6E-9481-5B5CBFB4FD69}.rlease-unicom|Windows Mobile 5.0 Pocket PC SDK (ARMV4I).ActiveCfg = Release
		{FA0FB1C3-441B-4E6E-9481-5B5CBFB4FD69}.rlease-unicom|Windows Mobile 5.0 Pocket PC SDK (ARMV4I).Build.0 = Release
		{FA0FB1C3-441B-4E6E-9481-5B5CBFB4FD69}.rlease-unicom|Windows Mobile 6 Professional SDK (ARMV4I).ActiveCfg = release-oldffmpeglib
		{FA0FB1C3-441B-4E6E-9481-5B5CBFB4FD69}.rlease-unicom|Windows Mobile 6 Professional SDK (ARMV4I).Build.0 = release-oldffmpeglib
		{FA0FB1C3-441B-4E6E-9481-5B5CBFB4FD69}.UnitTestRelease|Windows Mobile 5.0 Pocket PC SDK (ARMV4I).ActiveCfg = UnitTestRelease
		{FA0FB1C3-441B-4E6E-9481-5B5CBFB4FD69}.UnitTestRelease|Windows Mobile 6 Professional SDK (ARMV4I).ActiveCfg = UnitTestRelease
		{FA0FB1C3-441B-4E6E-9481-5B5CBFB4FD69}.UnitTestRelease|Windows Mobile 6 Professional SDK (ARMV4I).Build.0 = UnitTestRelease
		{3D1DFF9F-E5F0-4BB7-AE46-72CCC4124A31}.Debug|Windows Mobile 5.0 Pocket PC SDK (ARMV4I).ActiveCfg = debug-oldffmpeglib
		{3D1DFF9F-E5F0-4BB7-AE46-72CCC4124A31}.Debug|Windows Mobile 6 Professional SDK (ARMV4I).ActiveCfg = debug-oldffmpeglib
		{3D1DFF9F-E5F0-4BB7-AE46-72CCC4124A31}.Release|Windows Mobile 5.0 Pocket PC SDK (ARMV4I).ActiveCfg = Release
		{3D1DFF9F-E5F0-4BB7-AE46-72CCC4124A31}.Release|Windows Mobile 6 Professional SDK (ARMV4I).ActiveCfg = release-oldffmpeglib
		{3D1DFF9F-E5F0-4BB7-AE46-72CCC4124A31}.Release|Windows Mobile 6 Professional SDK (ARMV4I).Build.0 = release-oldffmpeglib
		{3D1DFF9F-E5F0-4BB7-AE46-72CCC4124A31}.release-mobile|Windows Mobile 5.0 Pocket PC SDK (ARMV4I).ActiveCfg = Release
		{3D1DFF9F-E5F0-4BB7-AE46-72CCC4124A31}.release-mobile|Windows Mobile 6 Professional SDK (ARMV4I).ActiveCfg = release-oldffmpeglib
		{3D1DFF9F-E5F0-4BB7-AE46-72CCC4124A31}.release-mobile|Windows Mobile 6 Professional SDK (ARMV4I).Build.0 = release-oldffmpeglib
		{3D1DFF9F-E5F0-4BB7-AE46-72CCC4124A31}.release-tel|Windows Mobile 5.0 Pocket PC SDK (ARMV4I).ActiveCfg = Release
		{3D1DFF9F-E5F0-4BB7-AE46-72CCC4124A31}.release-tel|Windows Mobile 5.0 Pocket PC SDK (ARMV4I).Build.0 = Release
		{3D1DFF9F-E5F0-4BB7-AE46-72CCC4124A31}.release-tel|Windows Mobile 6 Professional SDK (ARMV4I).ActiveCfg = release-oldffmpeglib
		{3D1DFF9F-E5F0-4BB7-AE46-72CCC4124A31}.release-tel|Windows Mobile 6 Professional SDK (ARMV4I).Build.0 = release-oldffmpeglib
		{3D1DFF9F-E5F0-4BB7-AE46-72CCC4124A31}.rlease-unicom|Windows Mobile 5.0 Pocket PC SDK (ARMV4I).ActiveCfg = Release
		{3D1DFF9F-E5F0-4BB7-AE46-72CCC4124A31}.rlease-unicom|Windows Mobile 6 Professional SDK (ARMV4I).ActiveCfg = release-oldffmpeglib
		{3D1DFF9F-E5F0-4BB7-AE46-72CCC4124A31}.rlease-unicom|Windows Mobile 6 Professional SDK (ARMV4I).Build.0 = release-oldffmpeglib
		{3D1DFF9F-E5F0-4BB7-AE46-72CCC4124A31}.UnitTestRelease|Windows Mobile 5.0 Pocket PC SDK (ARMV4I).ActiveCfg = UnitTestRelease
		{3D1DFF9F-E5F0-4BB7-AE46-72CCC4124A31}.UnitTestRelease|Windows Mobile 6 Professional SDK (ARMV4I).ActiveCfg = UnitTestRelease
		{3D1DFF9F-E5F0-4BB7-AE46-72CCC4124A31}.UnitTestRelease|Windows Mobile 6 Professional SDK (ARMV4I).Build.0 = UnitTestRelease
		{04CF0CF1-7276-4CD2-A109-8CD382E4BF7F}.Debug|Windows Mobile 5.0 Pocket PC SDK (ARMV4I).ActiveCfg = Debug|Windows Mobile 5.0 Pocket PC SDK (ARMV4I)
		{04CF0CF1-7276-4CD2-A109-8CD382E4BF7F}.Debug|Windows Mobile 5.0 Pocket PC SDK (ARMV4I).Build.0 = Debug|Windows Mobile 5.0 Pocket PC SDK (ARMV4I)
		{04CF0CF1-7276-4CD2-A109-8CD382E4BF7F}.Debug|Windows Mobile 5.0 Pocket PC SDK (ARMV4I).Deploy.0 = Debug|Windows Mobile 5.0 Pocket PC SDK (ARMV4I)
		{04CF0CF1-7276-4CD2-A109-8CD382E4BF7F}.Debug|Windows Mobile 6 Professional SDK (ARMV4I).ActiveCfg = Debug|Windows Mobile 5.0 Pocket PC SDK (ARMV4I)
		{04CF0CF1-7276-4CD2-A109-8CD382E4BF7F}.Debug|Windows Mobile 6 Professional SDK (ARMV4I).Build.0 = Debug|Windows Mobile 5.0 Pocket PC SDK (ARMV4I)
		{04CF0CF1-7276-4CD2-A109-8CD382E4BF7F}.Release|Windows Mobile 5.0 Pocket PC SDK (ARMV4I).ActiveCfg = Release|Windows Mobile 5.0 Pocket PC SDK (ARMV4I)
		{04CF0CF1-7276-4CD2-A109-8CD382E4BF7F}.Release|Windows Mobile 5.0 Pocket PC SDK (ARMV4I).Build.0 = Release|Windows Mobile 5.0 Pocket PC SDK (ARMV4I)
		{04CF0CF1-7276-4CD2-A109-8CD382E4BF7F}.Release|Windows Mobile 5.0 Pocket PC SDK (ARMV4I).Deploy.0 = Release|Windows Mobile 5.0 Pocket PC SDK (ARMV4I)
		{04CF0CF1-7276-4CD2-A109-8CD382E4BF7F}.Release|Windows Mobile 6 Professional SDK (ARMV4I).ActiveCfg = Release|Windows Mobile 5.0 Pocket PC SDK (ARMV4I)
		{04CF0CF1-7276-4CD2-A109-8CD382E4BF7F}.release-mobile|Windows Mobile 5.0 Pocket PC SDK (ARMV4I).ActiveCfg = Release|Windows Mobile 5.0 Pocket PC SDK (ARMV4I)
		{04CF0CF1-7276-4CD2-A109-8CD382E4BF7F}.release-mobile|Windows Mobile 5.0 Pocket PC SDK (ARMV4I).Build.0 = Release|Windows Mobile 5.0 Pocket PC SDK (ARMV4I)
		{04CF0CF1-7276-4CD2-A109-8CD382E4BF7F}.release-mobile|Windows Mobile 5.0 Pocket PC SDK (ARMV4I).Deploy.0 = Release|Windows Mobile 5.0 Pocket PC SDK (ARMV4I)
		{04CF0CF1-7276-4CD2-A109-8CD382E4BF7F}.release-mobile|Windows Mobile 6 Professional SDK (ARMV4I).ActiveCfg = Release|Windows Mobile 5.0 Pocket PC SDK (ARMV4I)
		{04CF0CF1-7276-4CD2-A109-8CD382E4BF7F}.release-tel|Windows Mobile 5.0 Pocket PC SDK (ARMV4I).ActiveCfg = Release|Windows Mobile 5.0 Pocket PC SDK (ARMV4I)
		{04CF0CF1-7276-4CD2-A109-8CD382E4BF7F}.release-tel|Windows Mobile 5.0 Pocket PC SDK (ARMV4I).Build.0 = Release|Windows Mobile 5.0 Pocket PC SDK (ARMV4I)
		{04CF0CF1-7276-4CD2-A109-8CD382E4BF7F}.release-tel|Windows Mobile 5.0 Pocket PC SDK (ARMV4I).Deploy.0 = Release|Windows Mobile 5.0 Pocket PC SDK (ARMV4I)
		{04CF0CF1-7276-4CD2-A109-8CD382E4BF7F}.release-tel|Windows Mobile 6 Professional SDK (ARMV4I).ActiveCfg = Release|Windows Mobile 5.0 Pocket PC SDK (ARMV4I)
		{04CF0CF1-7276-4CD2-A109-8CD382E4BF7F}.rlease-unicom|Windows Mobile 5.0 Pocket PC SDK (ARMV4I).ActiveCfg = Release|Windows Mobile 5.0 Pocket PC SDK (ARMV4I)
		{04CF0CF1-7276-4CD2-A109-8CD382E4BF7F}.rlease-unicom|Windows Mobile 5.0 Pocket PC SDK (ARMV4I).Build.0 = Release|Windows Mobile 5.0 Pocket PC SDK (ARMV4I)
		{04CF0CF1-7276-4CD2-A109-8CD382E4BF7F}.rlease-unicom|Windows Mobile 5.0 Pocket PC SDK (ARMV4I).Deploy.0 = Release|Windows Mobile 5.0 Pocket PC SDK (ARMV4I)
		{04CF0CF1-7276-4CD2-A109-8CD382E4BF7F}.rlease-unicom|Windows Mobile 6 Professional SDK (ARMV4I).ActiveCfg = Release|Windows Mobile 5.0 Pocket PC SDK (ARMV4I)
		{04CF0CF1-7276-4CD2-A109-8CD382E4BF7F}.UnitTestRelease|Windows Mobile 5.0 Pocket PC SDK (ARMV4I).ActiveCfg = Release|Windows Mobile 5.0 Pocket PC SDK (ARMV4I)
		{04CF0CF1-7276-4CD2-A109-8CD382E4BF7F}.UnitTestRelease|Windows Mobile 5.0 Pocket PC SDK (ARMV4I).Build.0 = Release|Windows Mobile 5.0 Pocket PC SDK (ARMV4I)
		{04CF0CF1-7276-4CD2-A109-8CD382E4BF7F}.UnitTestRelease|Windows Mobile 5.0 Pocket PC SDK (ARMV4I).Deploy.0 = Release|Windows Mobile 5.0 Pocket PC SDK (ARMV4I)
		{04CF0CF1-7276-4CD2-A109-8CD382E4BF7F}.UnitTestRelease|Windows Mobile 6 Professional SDK (ARMV4I).ActiveCfg = Release|Windows Mobile 5.0 Pocket PC SDK (ARMV4I)
		{C598024D-8030-4F9C-AB76-69BF4CA0645F}.Debug|Windows Mobile 5.0 Pocket PC SDK (ARMV4I).ActiveCfg = Debug|Windows Mobile 5.0 Pocket PC SDK (ARMV4I)
		{C598024D-8030-4F9C-AB76-69BF4CA0645F}.Debug|Windows Mobile 5.0 Pocket PC SDK (ARMV4I).Build.0 = Debug|Windows Mobile 5.0 Pocket PC SDK (ARMV4I)
		{C598024D-8030-4F9C-AB76-69BF4CA0645F}.Debug|Windows Mobile 5.0 Pocket PC SDK (ARMV4I).Deploy.0 = Debug|Windows Mobile 5.0 Pocket PC SDK (ARMV4I)
		{C598024D-8030-4F9C-AB76-69BF4CA0645F}.Debug|Windows Mobile 6 Professional SDK (ARMV4I).ActiveCfg = Debug|Windows Mobile 6 Professional SDK (ARMV4I)
		{C598024D-8030-4F9C-AB76-69BF4CA0645F}.Debug|Windows Mobile 6 Professional SDK (ARMV4I).Build.0 = Debug|Windows Mobile 6 Professional SDK (ARMV4I)
		{C598024D-8030-4F9C-AB76-69BF4CA0645F}.Debug|Windows Mobile 6 Professional SDK (ARMV4I).Deploy.0 = Debug|Windows Mobile 6 Professional SDK (ARMV4I)
		{C598024D-8030-4F9C-AB76-69BF4CA0645F}.Release|Windows Mobile 5.0 Pocket PC SDK (ARMV4I).ActiveCfg = Release|Windows Mobile 5.0 Pocket PC SDK (ARMV4I)
		{C598024D-8030-4F9C-AB76-69BF4CA0645F}.Release|Windows Mobile 5.0 Pocket PC SDK (ARMV4I).Build.0 = Release|Windows Mobile 5.0 Pocket PC SDK (ARMV4I)
		{C598024D-8030-4F9C-AB76-69BF4CA0645F}.Release|Windows Mobile 5.0 Pocket PC SDK (ARMV4I).Deploy.0 = Release|Windows Mobile 5.0 Pocket PC SDK (ARMV4I)
		{C598024D-8030-4F9C-AB76-69BF4CA0645F}.Release|Windows Mobile 6 Professional SDK (ARMV4I).ActiveCfg = Release|Windows Mobile 6 Professional SDK (ARMV4I)
		{C598024D-8030-4F9C-AB76-69BF4CA0645F}.Release|Windows Mobile 6 Professional SDK (ARMV4I).Build.0 = Release|Windows Mobile 6 Professional SDK (ARMV4I)
		{C598024D-8030-4F9C-AB76-69BF4CA0645F}.Release|Windows Mobile 6 Professional SDK (ARMV4I).Deploy.0 = Release|Windows Mobile 6 Professional SDK (ARMV4I)
		{C598024D-8030-4F9C-AB76-69BF4CA0645F}.release-mobile|Windows Mobile 5.0 Pocket PC SDK (ARMV4I).ActiveCfg = Release|Windows Mobile 5.0 Pocket PC SDK (ARMV4I)
		{C598024D-8030-4F9C-AB76-69BF4CA0645F}.release-mobile|Windows Mobile 5.0 Pocket PC SDK (ARMV4I).Build.0 = Release|Windows Mobile 5.0 Pocket PC SDK (ARMV4I)
		{C598024D-8030-4F9C-AB76-69BF4CA0645F}.release-mobile|Windows Mobile 5.0 Pocket PC SDK (ARMV4I).Deploy.0 = Release|Windows Mobile 5.0 Pocket PC SDK (ARMV4I)
		{C598024D-8030-4F9C-AB76-69BF4CA0645F}.release-mobile|Windows Mobile 6 Professional SDK (ARMV4I).ActiveCfg = release-oldffmpeglib|Windows Mobile 6 Professional SDK (ARMV4I)
		{C598024D-8030-4F9C-AB76-69BF4CA0645F}.release-mobile|Windows Mobile 6 Professional SDK (ARMV4I).Build.0 = release-oldffmpeglib|Windows Mobile 6 Professional SDK (ARMV4I)
		{C598024D-8030-4F9C-AB76-69BF4CA0645F}.release-mobile|Windows Mobile 6 Professional SDK (ARMV4I).Deploy.0 = release-oldffmpeglib|Windows Mobile 6 Professional SDK (ARMV4I)
		{C598024D-8030-4F9C-AB76-69BF4CA0645F}.release-tel|Windows Mobile 5.0 Pocket PC SDK (ARMV4I).ActiveCfg = Release|Windows Mobile 5.0 Pocket PC SDK (ARMV4I)
		{C598024D-8030-4F9C-AB76-69BF4CA0645F}.release-tel|Windows Mobile 5.0 Pocket PC SDK (ARMV4I).Build.0 = Release|Windows Mobile 5.0 Pocket PC SDK (ARMV4I)
		{C598024D-8030-4F9C-AB76-69BF4CA0645F}.release-tel|Windows Mobile 5.0 Pocket PC SDK (ARMV4I).Deploy.0 = Release|Windows Mobile 5.0 Pocket PC SDK (ARMV4I)
		{C598024D-8030-4F9C-AB76-69BF4CA0645F}.release-tel|Windows Mobile 6 Professional SDK (ARMV4I).ActiveCfg = release-oldffmpeglib|Windows Mobile 6 Professional SDK (ARMV4I)
		{C598024D-8030-4F9C-AB76-69BF4CA0645F}.release-tel|Windows Mobile 6 Professional SDK (ARMV4I).Build.0 = release-oldffmpeglib|Windows Mobile 6 Professional SDK (ARMV4I)
		{C598024D-8030-4F9C-AB76-69BF4CA0645F}.release-tel|Windows Mobile 6 Professional SDK (ARMV4I).Deploy.0 = release-oldffmpeglib|Windows Mobile 6 Professional SDK (ARMV4I)
		{C598024D-8030-4F9C-AB76-69BF4CA0645F}.rlease-unicom|Windows Mobile 5.0 Pocket PC SDK (ARMV4I).ActiveCfg = Release|Windows Mobile 5.0 Pocket PC SDK (ARMV4I)
		{C598024D-8030-4F9C-AB76-69BF4CA0645F}.rlease-unicom|Windows Mobile 5.0 Pocket PC SDK (ARMV4I).Build.0 = Release|Windows Mobile 5.0 Pocket PC SDK (ARMV4I)
		{C598024D-8030-4F9C-AB76-69BF4CA0645F}.rlease-unicom|Windows Mobile 5.0 Pocket PC SDK (ARMV4I).Deploy.0 = Release|Windows Mobile 5.0 Pocket PC SDK (ARMV4I)
		{C598024D-8030-4F9C-AB76-69BF4CA0645F}.rlease-unicom|Windows Mobile 6 Professional SDK (ARMV4I).ActiveCfg = release-oldffmpeglib|Windows Mobile 6 Professional SDK (ARMV4I)
		{C598024D-8030-4F9C-AB76-69BF4CA0645F}.rlease-unicom|Windows Mobile 6 Professional SDK (ARMV4I).Build.0 = release-oldffmpeglib|Windows Mobile 6 Professional SDK (ARMV4I)
		{C598024D-8030-4F9C-AB76-69BF4CA0645F}.rlease-unicom|Windows Mobile 6 Professional SDK (ARMV4I).Deploy.0 = release-oldffmpeglib|Windows Mobile 6 Professional SDK (ARMV4I)
		{C598024D-8030-4F9C-AB76-69BF4CA0645F}.UnitTestRelease|Windows Mobile 5.0 Pocket PC SDK (ARMV4I).ActiveCfg = Release|Windows Mobile 5.0 Pocket PC SDK (ARMV4I)
		{C598024D-8030-4F9C-AB76-69BF4CA0645F}.UnitTestRelease|Windows Mobile 5.0 Pocket PC SDK (ARMV4I).Build.0 = Release|Windows Mobile 5.0 Pocket PC SDK (ARMV4I)
		{C598024D-8030-4F9C-AB76-69BF4CA0645F}.UnitTestRelease|Windows Mobile 5.0 Pocket PC SDK (ARMV4I).Deploy.0 = Release|Windows Mobile 5.0 Pocket PC SDK (ARMV4I)
		{C598024D-8030-4F9C-AB76-69BF4CA0645F}.UnitTestRelease|Windows Mobile 6 Professional SDK (ARMV4I).ActiveCfg = UnitTestRelease|Windows Mobile 6 Professional SDK (ARMV4I)
		{C598024D-8030-4F9C-AB76-69BF4CA0645F}.UnitTestRelease|Windows Mobile 6 Professional SDK (ARMV4I).Build.0 = UnitTestRelease|Windows Mobile 6 Professional SDK (ARMV4I)
		{C598024D-8030-4F9C-AB76-69BF4CA0645F}.UnitTestRelease|Windows Mobile 6 Professional SDK (ARMV4I).Deploy.0 = UnitTestRelease|Windows Mobile 6 Professional SDK (ARMV4I)
		{48C7544B-673F-4B78-82A4-7FAD2EAE5324}.Debug|Windows Mobile 5.0 Pocket PC SDK (ARMV4I).ActiveCfg = Release
		{48C7544B-673F-4B78-82A4-7FAD2EAE5324}.Debug|Windows Mobile 6 Professional SDK (ARMV4I).ActiveCfg = Release
		{48C7544B-673F-4B78-82A4-7FAD2EAE5324}.Release|Windows Mobile 5.0 Pocket PC SDK (ARMV4I).ActiveCfg = Release
		{48C7544B-673F-4B78-82A4-7FAD2EAE5324}.Release|Windows Mobile 6 Professional SDK (ARMV4I).ActiveCfg = Release
		{48C7544B-673F-4B78-82A4-7FAD2EAE5324}.Release|Windows Mobile 6 Professional SDK (ARMV4I).Build.0 = Release
		{48C7544B-673F-4B78-82A4-7FAD2EAE5324}.release-mobile|Windows Mobile 5.0 Pocket PC SDK (ARMV4I).ActiveCfg = Release
		{48C7544B-673F-4B78-82A4-7FAD2EAE5324}.release-mobile|Windows Mobile 5.0 Pocket PC SDK (ARMV4I).Build.0 = Release
		{48C7544B-673F-4B78-82A4-7FAD2EAE5324}.release-mobile|Windows Mobile 6 Professional SDK (ARMV4I).ActiveCfg = Release
		{48C7544B-673F-4B78-82A4-7FAD2EAE5324}.release-mobile|Windows Mobile 6 Professional SDK (ARMV4I).Build.0 = Release
		{48C7544B-673F-4B78-82A4-7FAD2EAE5324}.release-tel|Windows Mobile 5.0 Pocket PC SDK (ARMV4I).ActiveCfg = Release
		{48C7544B-673F-4B78-82A4-7FAD2EAE5324}.release-tel|Windows Mobile 6 Professional SDK (ARMV4I).ActiveCfg = Release
		{48C7544B-673F-4B78-82A4-7FAD2EAE5324}.release-tel|Windows Mobile 6 Professional SDK (ARMV4I).Build.0 = Release
		{48C7544B-673F-4B78-82A4-7FAD2EAE5324}.rlease-unicom|Windows Mobile 5.0 Pocket PC SDK (ARMV4I).ActiveCfg = Release
		{48C7544B-673F-4B78-82A4-7FAD2EAE5324}.rlease-unicom|Windows Mobile 5.0 Pocket PC SDK (ARMV4I).Build.0 = Release
		{48C7544B-673F-4B78-82A4-7FAD2EAE5324}.rlease-unicom|Windows Mobile 6 Professional SDK (ARMV4I).ActiveCfg = Release
		{48C7544B-673F-4B78-82A4-7FAD2EAE5324}.rlease-unicom|Windows Mobile 6 Professional SDK (ARMV4I).Build.0 = Release
		{48C7544B-673F-4B78-82A4-7FAD2EAE5324}.UnitTestRelease|Windows Mobile 5.0 Pocket PC SDK (ARMV4I).ActiveCfg = Release
		{48C7544B-673F-4B78-82A4-7FAD2EAE5324}.UnitTestRelease|Windows Mobile 5.0 Pocket PC SDK (ARMV4I).Build.0 = Release
		{48C7544B-673F-4B78-82A4-7FAD2EAE5324}.UnitTestRelease|Windows Mobile 6 Professional SDK (ARMV4I).ActiveCfg = Release
		{48C7544B-673F-4B78-82A4-7FAD2EAE5324}.UnitTestRelease|Windows Mobile 6 Professional SDK (ARMV4I).Build.0 = Release
	EndGlobalSection
	GlobalSection(SolutionProperties) = preSolution
		HideSolutionNode = FALSE
	EndGlobalSection
	GlobalSection(NestedProjects) = preSolution
		{CC96D2CA-88AA-4549-A54A-DA191D69A503} = {82FE636A-FBE6-4AEF-81A5-9A4F421F0F9C}
		{544BBB34-3E35-4889-A100-AA77DEA794B9} = {82FE636A-FBE6-4AEF-81A5-9A4F421F0F9C}
		{90AA0DF7-96AD-427F-A309-37D79A409F14} = {82FE636A-FBE6-4AEF-81A5-9A4F421F0F9C}
		{1EBB6588-AAC5-48DF-B165-5E31CCC9B300} = {82FE636A-FBE6-4AEF-81A5-9A4F421F0F9C}
	EndGlobalSection
EndGlobal
